Microsoft Visual Studio Solution File, Format Version 12.00
# Visual Studio Version 17
VisualStudioVersion = 17.5.2.0
MinimumVisualStudioVersion = 10.0.40219.1
Project("{FAE04EC0-301F-11D3-BF4B-00C04F79EFBC}") = "CSD-UpgradeTestTool", "CSD-UpgradeTestTool.csproj", "{469E4C8B-A944-0EA0-9752-1E84317491F6}"
EndProject
Global
	GlobalSection(SolutionConfigurationPlatforms) = preSolution
		Debug|Any CPU = Debug|Any CPU
		Release|Any CPU = Release|Any CPU
	EndGlobalSection
	GlobalSection(ProjectConfigurationPlatforms) = postSolution
		{469E4C8B-A944-0EA0-9752-1E84317491F6}.Debug|Any CPU.ActiveCfg = Debug|Any CPU
		{469E4C8B-A944-0EA0-9752-1E84317491F6}.Debug|Any CPU.Build.0 = Debug|Any CPU
		{469E4C8B-A944-0EA0-9752-1E84317491F6}.Release|Any CPU.ActiveCfg = Release|Any CPU
		{469E4C8B-A944-0EA0-9752-1E84317491F6}.Release|Any CPU.Build.0 = Release|Any CPU
	EndGlobalSection
	GlobalSection(SolutionProperties) = preSolution
		HideSolutionNode = FALSE
	EndGlobalSection
	GlobalSection(ExtensibilityGlobals) = postSolution
		SolutionGuid = {2B9505A5-6AD9-497A-BBF0-FB8B2B43750D}
	EndGlobalSection
EndGlobal
